
Microsoft Visual Studio Solution File, Format Version 12.00
# Visual Studio Version 16
VisualStudioVersion = 16.0.31205.134
MinimumVisualStudioVersion = 10.0.40219.1
Project("{FAE04EC0-301F-11D3-BF4B-00C04F79EFBC}") = "MultipliesExtantion", "MultipliesExtantion\MultipliesExtantion.csproj", "{237FAB24-E0C4-4C41-A160-89577B957AE5}"
EndProject
Global
	GlobalSection(SolutionConfigurationPlatforms) = preSolution
		Debug|Any CPU = Debug|Any CPU
		Release|Any CPU = Release|Any CPU
	EndGlobalSection
	GlobalSection(ProjectConfigurationPlatforms) = postSolution
		{237FAB24-E0C4-4C41-A160-89577B957AE5}.Debug|Any CPU.ActiveCfg = Debug|Any CPU
		{237FAB24-E0C4-4C41-A160-89577B957AE5}.Debug|Any CPU.Build.0 = Debug|Any CPU
		{237FAB24-E0C4-4C41-A160-89577B957AE5}.Release|Any CPU.ActiveCfg = Release|Any CPU
		{237FAB24-E0C4-4C41-A160-89577B957AE5}.Release|Any CPU.Build.0 = Release|Any CPU
	EndGlobalSection
	GlobalSection(SolutionProperties) = preSolution
		HideSolutionNode = FALSE
	EndGlobalSection
	GlobalSection(ExtensibilityGlobals) = postSolution
		SolutionGuid = {56D96A8F-C45B-4EE7-AD8C-DC029E577AD7}
	EndGlobalSection
EndGlobal
