
Microsoft Visual Studio Solution File, Format Version 12.00
# Visual Studio Version 16
VisualStudioVersion = 16.0.31205.134
MinimumVisualStudioVersion = 10.0.40219.1
Project("{FAE04EC0-301F-11D3-BF4B-00C04F79EFBC}") = "TryCatchExcepiton", "TryCatchExcepiton\TryCatchExcepiton.csproj", "{A6F4A180-9175-450F-A1A3-B313545BCD84}"
EndProject
Global
	GlobalSection(SolutionConfigurationPlatforms) = preSolution
		Debug|Any CPU = Debug|Any CPU
		Release|Any CPU = Release|Any CPU
	EndGlobalSection
	GlobalSection(ProjectConfigurationPlatforms) = postSolution
		{A6F4A180-9175-450F-A1A3-B313545BCD84}.Debug|Any CPU.ActiveCfg = Debug|Any CPU
		{A6F4A180-9175-450F-A1A3-B313545BCD84}.Debug|Any CPU.Build.0 = Debug|Any CPU
		{A6F4A180-9175-450F-A1A3-B313545BCD84}.Release|Any CPU.ActiveCfg = Release|Any CPU
		{A6F4A180-9175-450F-A1A3-B313545BCD84}.Release|Any CPU.Build.0 = Release|Any CPU
	EndGlobalSection
	GlobalSection(SolutionProperties) = preSolution
		HideSolutionNode = FALSE
	EndGlobalSection
	GlobalSection(ExtensibilityGlobals) = postSolution
		SolutionGuid = {853846C2-8046-4B4E-9C59-4A8ADBC9FBF7}
	EndGlobalSection
EndGlobal
